
Microsoft Visual Studio Solution File, Format Version 12.00
# Visual Studio Version 17
VisualStudioVersion = 17.2.32630.192
MinimumVisualStudioVersion = 10.0.40219.1
Project("{FAE04EC0-301F-11D3-BF4B-00C04F79EFBC}") = "RazorPagesMovie", "RazorPagesMovie\RazorPagesMovie.csproj", "{4C48BE48-37B9-4EF7-B2EC-85DC70E36684}"
EndProject
Global
	GlobalSection(SolutionConfigurationPlatforms) = preSolution
		Debug|Any CPU = Debug|Any CPU
		Release|Any CPU = Release|Any CPU
	EndGlobalSection
	GlobalSection(ProjectConfigurationPlatforms) = postSolution
		{4C48BE48-37B9-4EF7-B2EC-85DC70E36684}.Debug|Any CPU.ActiveCfg = Debug|Any CPU
		{4C48BE48-37B9-4EF7-B2EC-85DC70E36684}.Debug|Any CPU.Build.0 = Debug|Any CPU
		{4C48BE48-37B9-4EF7-B2EC-85DC70E36684}.Release|Any CPU.ActiveCfg = Release|Any CPU
		{4C48BE48-37B9-4EF7-B2EC-85DC70E36684}.Release|Any CPU.Build.0 = Release|Any CPU
	EndGlobalSection
	GlobalSection(SolutionProperties) = preSolution
		HideSolutionNode = FALSE
	EndGlobalSection
	GlobalSection(ExtensibilityGlobals) = postSolution
		SolutionGuid = {3644D7A4-90CB-4F94-9945-F3B64FCA77FC}
	EndGlobalSection
EndGlobal
